
Microsoft Visual Studio Solution File, Format Version 12.00
# Visual Studio Version 16
VisualStudioVersion = 16.0.36128.20
MinimumVisualStudioVersion = 10.0.40219.1
Project("{FAE04EC0-301F-11D3-BF4B-00C04F79EFBC}") = "OPC_UA_Server", "OPC_UA_Server\OPC_UA_Server.csproj", "{9FB54792-B10C-4E9B-86DA-C3703C5D3CCE}"
EndProject
Global
	GlobalSection(SolutionConfigurationPlatforms) = preSolution
		Debug|Any CPU = Debug|Any CPU
		Release|Any CPU = Release|Any CPU
	EndGlobalSection
	GlobalSection(ProjectConfigurationPlatforms) = postSolution
		{9FB54792-B10C-4E9B-86DA-C3703C5D3CCE}.Debug|Any CPU.ActiveCfg = Debug|Any CPU
		{9FB54792-B10C-4E9B-86DA-C3703C5D3CCE}.Debug|Any CPU.Build.0 = Debug|Any CPU
		{9FB54792-B10C-4E9B-86DA-C3703C5D3CCE}.Release|Any CPU.ActiveCfg = Release|Any CPU
		{9FB54792-B10C-4E9B-86DA-C3703C5D3CCE}.Release|Any CPU.Build.0 = Release|Any CPU
	EndGlobalSection
	GlobalSection(SolutionProperties) = preSolution
		HideSolutionNode = FALSE
	EndGlobalSection
	GlobalSection(ExtensibilityGlobals) = postSolution
		SolutionGuid = {0EAEAAA1-5409-4A8B-A976-2FA32BE957CD}
	EndGlobalSection
EndGlobal
